
Microsoft Visual Studio Solution File, Format Version 12.00
# Visual Studio Version 17
VisualStudioVersion = 17.0.31903.59
MinimumVisualStudioVersion = 10.0.40219.1
Project("{2150E333-8FDC-42A3-9474-1A3956D46DE8}") = "src", "src", "{4F3EC43D-054B-4A3E-8362-521219BBDF90}"
EndProject
Project("{FAE04EC0-301F-11D3-BF4B-00C04F79EFBC}") = "SupplierRegServer.Business", "src\Business\SupplierRegServer.Business.csproj", "{06737B05-850E-429B-90E8-118492378B2B}"
EndProject
Project("{FAE04EC0-301F-11D3-BF4B-00C04F79EFBC}") = "SupplierRegServer.Data", "src\Data\SupplierRegServer.Data.csproj", "{35CD3652-F212-4EB2-83A3-5DBF9E23A0CD}"
EndProject
Project("{FAE04EC0-301F-11D3-BF4B-00C04F79EFBC}") = "SupplierRegServer.Api", "src\Api\SupplierRegServer.Api.csproj", "{34C2AA6D-113F-4C68-9F5D-8784949AA7EE}"
EndProject
Global
	GlobalSection(SolutionConfigurationPlatforms) = preSolution
		Debug|Any CPU = Debug|Any CPU
		Release|Any CPU = Release|Any CPU
	EndGlobalSection
	GlobalSection(SolutionProperties) = preSolution
		HideSolutionNode = FALSE
	EndGlobalSection
	GlobalSection(ProjectConfigurationPlatforms) = postSolution
		{06737B05-850E-429B-90E8-118492378B2B}.Debug|Any CPU.ActiveCfg = Debug|Any CPU
		{06737B05-850E-429B-90E8-118492378B2B}.Debug|Any CPU.Build.0 = Debug|Any CPU
		{06737B05-850E-429B-90E8-118492378B2B}.Release|Any CPU.ActiveCfg = Release|Any CPU
		{06737B05-850E-429B-90E8-118492378B2B}.Release|Any CPU.Build.0 = Release|Any CPU
		{35CD3652-F212-4EB2-83A3-5DBF9E23A0CD}.Debug|Any CPU.ActiveCfg = Debug|Any CPU
		{35CD3652-F212-4EB2-83A3-5DBF9E23A0CD}.Debug|Any CPU.Build.0 = Debug|Any CPU
		{35CD3652-F212-4EB2-83A3-5DBF9E23A0CD}.Release|Any CPU.ActiveCfg = Release|Any CPU
		{35CD3652-F212-4EB2-83A3-5DBF9E23A0CD}.Release|Any CPU.Build.0 = Release|Any CPU
		{34C2AA6D-113F-4C68-9F5D-8784949AA7EE}.Debug|Any CPU.ActiveCfg = Debug|Any CPU
		{34C2AA6D-113F-4C68-9F5D-8784949AA7EE}.Debug|Any CPU.Build.0 = Debug|Any CPU
		{34C2AA6D-113F-4C68-9F5D-8784949AA7EE}.Release|Any CPU.ActiveCfg = Release|Any CPU
		{34C2AA6D-113F-4C68-9F5D-8784949AA7EE}.Release|Any CPU.Build.0 = Release|Any CPU
	EndGlobalSection
	GlobalSection(NestedProjects) = preSolution
		{06737B05-850E-429B-90E8-118492378B2B} = {4F3EC43D-054B-4A3E-8362-521219BBDF90}
		{35CD3652-F212-4EB2-83A3-5DBF9E23A0CD} = {4F3EC43D-054B-4A3E-8362-521219BBDF90}
		{34C2AA6D-113F-4C68-9F5D-8784949AA7EE} = {4F3EC43D-054B-4A3E-8362-521219BBDF90}
	EndGlobalSection
EndGlobal
